
Microsoft Visual Studio Solution File, Format Version 12.00
# Visual Studio Version 17
VisualStudioVersion = 17.9.34622.214
MinimumVisualStudioVersion = 10.0.40219.1
Project("{9A19103F-16F7-4668-BE54-9A1E7A4F7556}") = "BrazInvest.API", "BrazInvest.API\BrazInvest.API.csproj", "{0BD8CDB1-207A-43C3-8365-BFA1F2000F21}"
EndProject
Project("{2150E333-8FDC-42A3-9474-1A3956D46DE8}") = "Presentation", "Presentation", "{2B0D3614-7356-48D4-84CC-78295BDC63B5}"
EndProject
Project("{2150E333-8FDC-42A3-9474-1A3956D46DE8}") = "Core", "Core", "{7F346BB2-4C51-4E1A-8A35-7D7F99E25CCF}"
EndProject
Project("{2150E333-8FDC-42A3-9474-1A3956D46DE8}") = "Infrastructure", "Infrastructure", "{52AC798B-D43B-479E-8266-E42E0BCCB80C}"
EndProject
Project("{2150E333-8FDC-42A3-9474-1A3956D46DE8}") = "Tests", "Tests", "{BA6D34D9-B420-4085-9C26-4E17F2B4996D}"
EndProject
Project("{2150E333-8FDC-42A3-9474-1A3956D46DE8}") = "Models", "Models", "{A6C68AB0-FF02-4FCA-A54E-6440232E4B0D}"
EndProject
Project("{9A19103F-16F7-4668-BE54-9A1E7A4F7556}") = "models", "models\models.csproj", "{95CCE705-C80B-4248-9ABC-8452FEA430B7}"
EndProject
Project("{2150E333-8FDC-42A3-9474-1A3956D46DE8}") = "Services", "Services", "{A2E8FBB5-0898-4B60-A3C3-24AC1A6EDAD5}"
EndProject
Project("{9A19103F-16F7-4668-BE54-9A1E7A4F7556}") = "Services", "Services\Services.csproj", "{D96F1713-0C75-4404-9B24-41DAEEC85635}"
EndProject
Project("{9A19103F-16F7-4668-BE54-9A1E7A4F7556}") = "Infrastructure", "Infrastructure\Infrastructure.csproj", "{803D7F0E-F816-4530-A93A-BDDCF69EB3E1}"
EndProject
Project("{FAE04EC0-301F-11D3-BF4B-00C04F79EFBC}") = "TestMSTest", "TestMSTest\TestMSTest.csproj", "{7EEB1C84-4156-4898-996B-B9AEF300B4CE}"
EndProject
Global
	GlobalSection(SolutionConfigurationPlatforms) = preSolution
		Debug|Any CPU = Debug|Any CPU
		Release|Any CPU = Release|Any CPU
	EndGlobalSection
	GlobalSection(ProjectConfigurationPlatforms) = postSolution
		{0BD8CDB1-207A-43C3-8365-BFA1F2000F21}.Debug|Any CPU.ActiveCfg = Debug|Any CPU
		{0BD8CDB1-207A-43C3-8365-BFA1F2000F21}.Debug|Any CPU.Build.0 = Debug|Any CPU
		{0BD8CDB1-207A-43C3-8365-BFA1F2000F21}.Release|Any CPU.ActiveCfg = Release|Any CPU
		{0BD8CDB1-207A-43C3-8365-BFA1F2000F21}.Release|Any CPU.Build.0 = Release|Any CPU
		{95CCE705-C80B-4248-9ABC-8452FEA430B7}.Debug|Any CPU.ActiveCfg = Debug|Any CPU
		{95CCE705-C80B-4248-9ABC-8452FEA430B7}.Debug|Any CPU.Build.0 = Debug|Any CPU
		{95CCE705-C80B-4248-9ABC-8452FEA430B7}.Release|Any CPU.ActiveCfg = Release|Any CPU
		{95CCE705-C80B-4248-9ABC-8452FEA430B7}.Release|Any CPU.Build.0 = Release|Any CPU
		{D96F1713-0C75-4404-9B24-41DAEEC85635}.Debug|Any CPU.ActiveCfg = Debug|Any CPU
		{D96F1713-0C75-4404-9B24-41DAEEC85635}.Debug|Any CPU.Build.0 = Debug|Any CPU
		{D96F1713-0C75-4404-9B24-41DAEEC85635}.Release|Any CPU.ActiveCfg = Release|Any CPU
		{D96F1713-0C75-4404-9B24-41DAEEC85635}.Release|Any CPU.Build.0 = Release|Any CPU
		{803D7F0E-F816-4530-A93A-BDDCF69EB3E1}.Debug|Any CPU.ActiveCfg = Debug|Any CPU
		{803D7F0E-F816-4530-A93A-BDDCF69EB3E1}.Debug|Any CPU.Build.0 = Debug|Any CPU
		{803D7F0E-F816-4530-A93A-BDDCF69EB3E1}.Release|Any CPU.ActiveCfg = Release|Any CPU
		{803D7F0E-F816-4530-A93A-BDDCF69EB3E1}.Release|Any CPU.Build.0 = Release|Any CPU
		{7EEB1C84-4156-4898-996B-B9AEF300B4CE}.Debug|Any CPU.ActiveCfg = Debug|Any CPU
		{7EEB1C84-4156-4898-996B-B9AEF300B4CE}.Debug|Any CPU.Build.0 = Debug|Any CPU
		{7EEB1C84-4156-4898-996B-B9AEF300B4CE}.Release|Any CPU.ActiveCfg = Release|Any CPU
		{7EEB1C84-4156-4898-996B-B9AEF300B4CE}.Release|Any CPU.Build.0 = Release|Any CPU
	EndGlobalSection
	GlobalSection(SolutionProperties) = preSolution
		HideSolutionNode = FALSE
	EndGlobalSection
	GlobalSection(NestedProjects) = preSolution
		{0BD8CDB1-207A-43C3-8365-BFA1F2000F21} = {2B0D3614-7356-48D4-84CC-78295BDC63B5}
		{A6C68AB0-FF02-4FCA-A54E-6440232E4B0D} = {7F346BB2-4C51-4E1A-8A35-7D7F99E25CCF}
		{95CCE705-C80B-4248-9ABC-8452FEA430B7} = {A6C68AB0-FF02-4FCA-A54E-6440232E4B0D}
		{A2E8FBB5-0898-4B60-A3C3-24AC1A6EDAD5} = {7F346BB2-4C51-4E1A-8A35-7D7F99E25CCF}
		{D96F1713-0C75-4404-9B24-41DAEEC85635} = {A2E8FBB5-0898-4B60-A3C3-24AC1A6EDAD5}
		{803D7F0E-F816-4530-A93A-BDDCF69EB3E1} = {52AC798B-D43B-479E-8266-E42E0BCCB80C}
		{7EEB1C84-4156-4898-996B-B9AEF300B4CE} = {BA6D34D9-B420-4085-9C26-4E17F2B4996D}
	EndGlobalSection
	GlobalSection(ExtensibilityGlobals) = postSolution
		SolutionGuid = {C89EEC32-039A-4A8B-A5E7-346334E88F2C}
	EndGlobalSection
EndGlobal
